
Microsoft Visual Studio Solution File, Format Version 12.00
# Visual Studio 15
VisualStudioVersion = 15.0.26403.7
MinimumVisualStudioVersion = 10.0.40219.1
Project("{FAE04EC0-301F-11D3-BF4B-00C04F79EFBC}") = "net.ldvsoft.spbau.nunit", "nunit\net.ldvsoft.spbau.nunit.csproj", "{BEF837BF-BE12-4948-8359-B5E89AC31441}"
EndProject
Project("{FAE04EC0-301F-11D3-BF4B-00C04F79EFBC}") = "net.ldvsoft.spbau.nunit-runner", "nunit-runner\net.ldvsoft.spbau.nunit-runner.csproj", "{E7FEBEDD-5877-4D7C-894E-975D203F8C69}"
	ProjectSection(ProjectDependencies) = postProject
		{BEF837BF-BE12-4948-8359-B5E89AC31441} = {BEF837BF-BE12-4948-8359-B5E89AC31441}
	EndProjectSection
EndProject
Project("{FAE04EC0-301F-11D3-BF4B-00C04F79EFBC}") = "net.ldvsoft.spbau.nunit-runner-test", "nunit-runner-test\net.ldvsoft.spbau.nunit-runner-test.csproj", "{C4382A4F-53BA-4FE2-9B2D-A2BEC0B2E752}"
	ProjectSection(ProjectDependencies) = postProject
		{E7FEBEDD-5877-4D7C-894E-975D203F8C69} = {E7FEBEDD-5877-4D7C-894E-975D203F8C69}
	EndProjectSection
EndProject
Global
	GlobalSection(SolutionConfigurationPlatforms) = preSolution
		Debug|Any CPU = Debug|Any CPU
		Release|Any CPU = Release|Any CPU
	EndGlobalSection
	GlobalSection(ProjectConfigurationPlatforms) = postSolution
		{BEF837BF-BE12-4948-8359-B5E89AC31441}.Debug|Any CPU.ActiveCfg = Debug|Any CPU
		{BEF837BF-BE12-4948-8359-B5E89AC31441}.Debug|Any CPU.Build.0 = Debug|Any CPU
		{BEF837BF-BE12-4948-8359-B5E89AC31441}.Release|Any CPU.ActiveCfg = Release|Any CPU
		{BEF837BF-BE12-4948-8359-B5E89AC31441}.Release|Any CPU.Build.0 = Release|Any CPU
		{E7FEBEDD-5877-4D7C-894E-975D203F8C69}.Debug|Any CPU.ActiveCfg = Debug|Any CPU
		{E7FEBEDD-5877-4D7C-894E-975D203F8C69}.Debug|Any CPU.Build.0 = Debug|Any CPU
		{E7FEBEDD-5877-4D7C-894E-975D203F8C69}.Release|Any CPU.ActiveCfg = Release|Any CPU
		{E7FEBEDD-5877-4D7C-894E-975D203F8C69}.Release|Any CPU.Build.0 = Release|Any CPU
		{C4382A4F-53BA-4FE2-9B2D-A2BEC0B2E752}.Debug|Any CPU.ActiveCfg = Debug|Any CPU
		{C4382A4F-53BA-4FE2-9B2D-A2BEC0B2E752}.Debug|Any CPU.Build.0 = Debug|Any CPU
		{C4382A4F-53BA-4FE2-9B2D-A2BEC0B2E752}.Release|Any CPU.ActiveCfg = Release|Any CPU
		{C4382A4F-53BA-4FE2-9B2D-A2BEC0B2E752}.Release|Any CPU.Build.0 = Release|Any CPU
	EndGlobalSection
	GlobalSection(SolutionProperties) = preSolution
		HideSolutionNode = FALSE
	EndGlobalSection
EndGlobal
